
Microsoft Visual Studio Solution File, Format Version 12.00
Project("{FAE04EC0-301F-11D3-BF4B-00C04F79EFBC}") = "Quake2Sharp", "Quake2Sharp\Quake2Sharp.csproj", "{EA3A0822-CD9B-4A56-B4A6-28257FA28DDC}"
EndProject
Project("{2150E333-8FDC-42A3-9474-1A3956D46DE8}") = "Docs", "Docs", "{01FD5072-2ED6-4C9B-9FDB-4122B9688EB5}"
	ProjectSection(SolutionItems) = preProject
		README.MD = README.MD
		.github\workflows\ci.yml = .github\workflows\ci.yml
	EndProjectSection
EndProject
Global
	GlobalSection(SolutionConfigurationPlatforms) = preSolution
		Debug|Any CPU = Debug|Any CPU
		Release|Any CPU = Release|Any CPU
	EndGlobalSection
	GlobalSection(ProjectConfigurationPlatforms) = postSolution
		{EA3A0822-CD9B-4A56-B4A6-28257FA28DDC}.Debug|Any CPU.ActiveCfg = Debug|Any CPU
		{EA3A0822-CD9B-4A56-B4A6-28257FA28DDC}.Debug|Any CPU.Build.0 = Debug|Any CPU
		{EA3A0822-CD9B-4A56-B4A6-28257FA28DDC}.Release|Any CPU.ActiveCfg = Release|Any CPU
		{EA3A0822-CD9B-4A56-B4A6-28257FA28DDC}.Release|Any CPU.Build.0 = Release|Any CPU
	EndGlobalSection
EndGlobal
