
Microsoft Visual Studio Solution File, Format Version 12.00
# Visual Studio Version 17
VisualStudioVersion = 17.6.33829.357
MinimumVisualStudioVersion = 10.0.40219.1
Project("{9A19103F-16F7-4668-BE54-9A1E7A4F7556}") = "QClient", "Quake2Sharp\QClient.csproj", "{EA3A0822-CD9B-4A56-B4A6-28257FA28DDC}"
EndProject
Project("{2150E333-8FDC-42A3-9474-1A3956D46DE8}") = "Docs", "Docs", "{01FD5072-2ED6-4C9B-9FDB-4122B9688EB5}"
	ProjectSection(SolutionItems) = preProject
		.github\workflows\ci.yml = .github\workflows\ci.yml
		README.MD = README.MD
	EndProjectSection
EndProject
Project("{9A19103F-16F7-4668-BE54-9A1E7A4F7556}") = "QResourceServer", "QResourceServer\QResourceServer.csproj", "{ED664C27-4B75-4320-9F7D-1E640FE1D79A}"
EndProject
Project("{9A19103F-16F7-4668-BE54-9A1E7A4F7556}") = "QEntitiesServer", "QEntitiesServer\QEntitiesServer.csproj", "{1DFACA79-6E1B-4B37-87AF-F24A2D8F36C3}"
EndProject
Global
	GlobalSection(SolutionConfigurationPlatforms) = preSolution
		Debug|Any CPU = Debug|Any CPU
		Release|Any CPU = Release|Any CPU
	EndGlobalSection
	GlobalSection(ProjectConfigurationPlatforms) = postSolution
		{EA3A0822-CD9B-4A56-B4A6-28257FA28DDC}.Debug|Any CPU.ActiveCfg = Debug|Any CPU
		{EA3A0822-CD9B-4A56-B4A6-28257FA28DDC}.Debug|Any CPU.Build.0 = Debug|Any CPU
		{EA3A0822-CD9B-4A56-B4A6-28257FA28DDC}.Release|Any CPU.ActiveCfg = Release|Any CPU
		{EA3A0822-CD9B-4A56-B4A6-28257FA28DDC}.Release|Any CPU.Build.0 = Release|Any CPU
		{ED664C27-4B75-4320-9F7D-1E640FE1D79A}.Debug|Any CPU.ActiveCfg = Debug|Any CPU
		{ED664C27-4B75-4320-9F7D-1E640FE1D79A}.Debug|Any CPU.Build.0 = Debug|Any CPU
		{ED664C27-4B75-4320-9F7D-1E640FE1D79A}.Release|Any CPU.ActiveCfg = Release|Any CPU
		{ED664C27-4B75-4320-9F7D-1E640FE1D79A}.Release|Any CPU.Build.0 = Release|Any CPU
		{1DFACA79-6E1B-4B37-87AF-F24A2D8F36C3}.Debug|Any CPU.ActiveCfg = Debug|Any CPU
		{1DFACA79-6E1B-4B37-87AF-F24A2D8F36C3}.Debug|Any CPU.Build.0 = Debug|Any CPU
		{1DFACA79-6E1B-4B37-87AF-F24A2D8F36C3}.Release|Any CPU.ActiveCfg = Release|Any CPU
		{1DFACA79-6E1B-4B37-87AF-F24A2D8F36C3}.Release|Any CPU.Build.0 = Release|Any CPU
	EndGlobalSection
	GlobalSection(SolutionProperties) = preSolution
		HideSolutionNode = FALSE
	EndGlobalSection
	GlobalSection(ExtensibilityGlobals) = postSolution
		SolutionGuid = {0EE93D4B-2798-4B23-9FB7-1DC070AFBF60}
	EndGlobalSection
EndGlobal
